
Microsoft Visual Studio Solution File, Format Version 12.00
# Visual Studio 15
VisualStudioVersion = 15.0.26124.0
MinimumVisualStudioVersion = 15.0.26124.0
Project("{2150E333-8FDC-42A3-9474-1A3956D46DE8}") = "src", "src", "{7E86629F-1E2E-4F66-9E0B-B72F120DA91F}"
EndProject
Project("{FAE04EC0-301F-11D3-BF4B-00C04F79EFBC}") = "dotnet-frc", "src\dotnet-frc\dotnet-frc.csproj", "{C8F47CD1-3150-4B7E-9810-9EAE805D354B}"
EndProject
Project("{FAE04EC0-301F-11D3-BF4B-00C04F79EFBC}") = "FRC.CLI.Base", "src\FRC.CLI.Base\FRC.CLI.Base.csproj", "{87AF8068-E92E-42A3-A1DE-550B74F7F118}"
EndProject
Project("{FAE04EC0-301F-11D3-BF4B-00C04F79EFBC}") = "FRC.CLI.Common", "src\FRC.CLI.Common\FRC.CLI.Common.csproj", "{14A5883E-9ECE-40AC-A656-C5A4C64F3240}"
EndProject
Project("{2150E333-8FDC-42A3-9474-1A3956D46DE8}") = "test", "test", "{5991AC1C-70F6-4C54-A3E6-BC4D5ADAD3B0}"
EndProject
Project("{FAE04EC0-301F-11D3-BF4B-00C04F79EFBC}") = "FRC.CLI.Common.Test", "test\FRC.CLI.Common.Test\FRC.CLI.Common.Test.csproj", "{01D0F255-A106-425D-A0EF-C9606403C4B9}"
EndProject
Global
	GlobalSection(SolutionConfigurationPlatforms) = preSolution
		Debug|Any CPU = Debug|Any CPU
		Debug|x64 = Debug|x64
		Debug|x86 = Debug|x86
		Release|Any CPU = Release|Any CPU
		Release|x64 = Release|x64
		Release|x86 = Release|x86
	EndGlobalSection
	GlobalSection(SolutionProperties) = preSolution
		HideSolutionNode = FALSE
	EndGlobalSection
	GlobalSection(ProjectConfigurationPlatforms) = postSolution
		{C8F47CD1-3150-4B7E-9810-9EAE805D354B}.Debug|Any CPU.ActiveCfg = Debug|Any CPU
		{C8F47CD1-3150-4B7E-9810-9EAE805D354B}.Debug|Any CPU.Build.0 = Debug|Any CPU
		{C8F47CD1-3150-4B7E-9810-9EAE805D354B}.Debug|x64.ActiveCfg = Debug|Any CPU
		{C8F47CD1-3150-4B7E-9810-9EAE805D354B}.Debug|x64.Build.0 = Debug|Any CPU
		{C8F47CD1-3150-4B7E-9810-9EAE805D354B}.Debug|x86.ActiveCfg = Debug|Any CPU
		{C8F47CD1-3150-4B7E-9810-9EAE805D354B}.Debug|x86.Build.0 = Debug|Any CPU
		{C8F47CD1-3150-4B7E-9810-9EAE805D354B}.Release|Any CPU.ActiveCfg = Release|Any CPU
		{C8F47CD1-3150-4B7E-9810-9EAE805D354B}.Release|Any CPU.Build.0 = Release|Any CPU
		{C8F47CD1-3150-4B7E-9810-9EAE805D354B}.Release|x64.ActiveCfg = Release|Any CPU
		{C8F47CD1-3150-4B7E-9810-9EAE805D354B}.Release|x64.Build.0 = Release|Any CPU
		{C8F47CD1-3150-4B7E-9810-9EAE805D354B}.Release|x86.ActiveCfg = Release|Any CPU
		{C8F47CD1-3150-4B7E-9810-9EAE805D354B}.Release|x86.Build.0 = Release|Any CPU
		{87AF8068-E92E-42A3-A1DE-550B74F7F118}.Debug|Any CPU.ActiveCfg = Debug|Any CPU
		{87AF8068-E92E-42A3-A1DE-550B74F7F118}.Debug|Any CPU.Build.0 = Debug|Any CPU
		{87AF8068-E92E-42A3-A1DE-550B74F7F118}.Debug|x64.ActiveCfg = Debug|Any CPU
		{87AF8068-E92E-42A3-A1DE-550B74F7F118}.Debug|x64.Build.0 = Debug|Any CPU
		{87AF8068-E92E-42A3-A1DE-550B74F7F118}.Debug|x86.ActiveCfg = Debug|Any CPU
		{87AF8068-E92E-42A3-A1DE-550B74F7F118}.Debug|x86.Build.0 = Debug|Any CPU
		{87AF8068-E92E-42A3-A1DE-550B74F7F118}.Release|Any CPU.ActiveCfg = Release|Any CPU
		{87AF8068-E92E-42A3-A1DE-550B74F7F118}.Release|Any CPU.Build.0 = Release|Any CPU
		{87AF8068-E92E-42A3-A1DE-550B74F7F118}.Release|x64.ActiveCfg = Release|Any CPU
		{87AF8068-E92E-42A3-A1DE-550B74F7F118}.Release|x64.Build.0 = Release|Any CPU
		{87AF8068-E92E-42A3-A1DE-550B74F7F118}.Release|x86.ActiveCfg = Release|Any CPU
		{87AF8068-E92E-42A3-A1DE-550B74F7F118}.Release|x86.Build.0 = Release|Any CPU
		{14A5883E-9ECE-40AC-A656-C5A4C64F3240}.Debug|Any CPU.ActiveCfg = Debug|Any CPU
		{14A5883E-9ECE-40AC-A656-C5A4C64F3240}.Debug|Any CPU.Build.0 = Debug|Any CPU
		{14A5883E-9ECE-40AC-A656-C5A4C64F3240}.Debug|x64.ActiveCfg = Debug|Any CPU
		{14A5883E-9ECE-40AC-A656-C5A4C64F3240}.Debug|x64.Build.0 = Debug|Any CPU
		{14A5883E-9ECE-40AC-A656-C5A4C64F3240}.Debug|x86.ActiveCfg = Debug|Any CPU
		{14A5883E-9ECE-40AC-A656-C5A4C64F3240}.Debug|x86.Build.0 = Debug|Any CPU
		{14A5883E-9ECE-40AC-A656-C5A4C64F3240}.Release|Any CPU.ActiveCfg = Release|Any CPU
		{14A5883E-9ECE-40AC-A656-C5A4C64F3240}.Release|Any CPU.Build.0 = Release|Any CPU
		{14A5883E-9ECE-40AC-A656-C5A4C64F3240}.Release|x64.ActiveCfg = Release|Any CPU
		{14A5883E-9ECE-40AC-A656-C5A4C64F3240}.Release|x64.Build.0 = Release|Any CPU
		{14A5883E-9ECE-40AC-A656-C5A4C64F3240}.Release|x86.ActiveCfg = Release|Any CPU
		{14A5883E-9ECE-40AC-A656-C5A4C64F3240}.Release|x86.Build.0 = Release|Any CPU
		{01D0F255-A106-425D-A0EF-C9606403C4B9}.Debug|Any CPU.ActiveCfg = Debug|Any CPU
		{01D0F255-A106-425D-A0EF-C9606403C4B9}.Debug|Any CPU.Build.0 = Debug|Any CPU
		{01D0F255-A106-425D-A0EF-C9606403C4B9}.Debug|x64.ActiveCfg = Debug|Any CPU
		{01D0F255-A106-425D-A0EF-C9606403C4B9}.Debug|x64.Build.0 = Debug|Any CPU
		{01D0F255-A106-425D-A0EF-C9606403C4B9}.Debug|x86.ActiveCfg = Debug|Any CPU
		{01D0F255-A106-425D-A0EF-C9606403C4B9}.Debug|x86.Build.0 = Debug|Any CPU
		{01D0F255-A106-425D-A0EF-C9606403C4B9}.Release|Any CPU.ActiveCfg = Release|Any CPU
		{01D0F255-A106-425D-A0EF-C9606403C4B9}.Release|Any CPU.Build.0 = Release|Any CPU
		{01D0F255-A106-425D-A0EF-C9606403C4B9}.Release|x64.ActiveCfg = Release|Any CPU
		{01D0F255-A106-425D-A0EF-C9606403C4B9}.Release|x64.Build.0 = Release|Any CPU
		{01D0F255-A106-425D-A0EF-C9606403C4B9}.Release|x86.ActiveCfg = Release|Any CPU
		{01D0F255-A106-425D-A0EF-C9606403C4B9}.Release|x86.Build.0 = Release|Any CPU
	EndGlobalSection
	GlobalSection(NestedProjects) = preSolution
		{C8F47CD1-3150-4B7E-9810-9EAE805D354B} = {7E86629F-1E2E-4F66-9E0B-B72F120DA91F}
		{87AF8068-E92E-42A3-A1DE-550B74F7F118} = {7E86629F-1E2E-4F66-9E0B-B72F120DA91F}
		{14A5883E-9ECE-40AC-A656-C5A4C64F3240} = {7E86629F-1E2E-4F66-9E0B-B72F120DA91F}
		{01D0F255-A106-425D-A0EF-C9606403C4B9} = {5991AC1C-70F6-4C54-A3E6-BC4D5ADAD3B0}
	EndGlobalSection
EndGlobal
